{
    "_meta": {
        "hash": {
            "sha256": "e269af44296f74cffab69a1a23c5e4868c6040e0d0b6e95e169773dbbd6e1999"
        },
        "host-environment-markers": {
            "implementation_name": "cpython",
            "implementation_version": "0",
            "os_name": "posix",
            "platform_machine": "x86_64",
            "platform_python_implementation": "CPython",
            "platform_release": "4.4.0-116-generic",
            "platform_system": "Linux",
            "platform_version": "#140-Ubuntu SMP Mon Feb 12 21:23:04 UTC 2018",
            "python_full_version": "2.7.14",
            "python_version": "2.7",
            "sys_platform": "linux2"
        },
        "pipfile-spec": 6,
        "requires": {
            "python_version": "2.7"
        },
        "sources": [
            {
                "name": "pypi",
                "url": "https://pypi.python.org/simple",
                "verify_ssl": true
            }
        ]
    },
    "default": {
        "apache-beam": {
            "hashes": [
                "sha256:d384ec57544a8d7c4483f092416c3b1757a302f9807e817a83c05ce661e759cb"
            ],
            "version": "==2.3.0"
        },
        "avro": {
            "hashes": [
                "sha256:8f9ee40830b70b5fb52a419711c9c4ad0336443a6fba7335060805f961b04b59"
            ],
            "version": "==1.8.2"
        },
        "bleach": {
            "hashes": [
                "sha256:e67f46adcec78dbc3c04462f3aba3213a673d5652eba2609ed1ef15492a44b8d",
                "sha256:978e758599b54cd3caa2e160d74102879b230ea8dc93871d0783721eef58bc65"
            ],
            "version": "==1.5.0"
        },
        "cachetools": {
            "hashes": [
                "sha256:4319bbb78172e7bcf99423e1ecd6914b32336ccfe97d2058ffe62e641a7f3abe",
                "sha256:ede01f2d3cbd6ddc9e35e16c2b0ce011d8bb70ce0dbaf282f5b4df24b213bc5d"
            ],
            "version": "==2.0.1"
        },
        "certifi": {
            "hashes": [
                "sha256:14131608ad2fd56836d33a71ee60fa1c82bc9d2c8d98b7bdbc631fe1b3cd1296",
                "sha256:edbc3f203427eef571f79a7692bb160a2b0f7ccaa31953e99bd17e307cf63f7d"
            ],
            "version": "==2018.1.18"
        },
        "chardet": {
            "hashes": [
                "sha256:fc323ffcaeaed0e0a02bf4d117757b98aed530d9ed4531e3e15460124c106691",
                "sha256:84ab92ed1c4d4f16916e05906b6b75a6c0fb5db821cc65e70cbd64a3e2a5eaae"
            ],
            "version": "==3.0.4"
        },
        "crcmod": {
            "hashes": [
                "sha256:dc7051a0db5f2bd48665a990d3ec1cc305a466a77358ca4492826f41f283601e",
                "sha256:69a2e5c6c36d0f096a7beb4cd34e5f882ec5fd232efb710cdb85d4ff196bd52e",
                "sha256:737fb308fa2ce9aed2e29075f0d5980d4a89bfbec48a368c607c5c63b3efb90e",
                "sha256:50586ab48981f11e5b117523d97bb70864a2a1af246cf6e4f5c4a21ef4611cd1"
            ],
            "version": "==1.7"
        },
        "cython": {
            "hashes": [
                "sha256:308e0733e42ad4033e9567c6e76d1fabd58d0522a9bf4bc121bd57216fa395b2",
                "sha256:f74f942e587353ac40aaf0f0019769ba9fa0a09ce78c7c6748f812f5a3328f7d",
                "sha256:81ef3d59fc31f4303d50b6a607e6d7a65fd7394c1efca0f86b6cb12354d7df6f",
                "sha256:a9ebd734dc21bf570f20b7f23b3b964a264260298cb603d318890162b8217e8d",
                "sha256:c48201f309d2b8a5d5ea809a3c3618c2a07f181769951c3098e0ca4d8c4361eb",
                "sha256:6e0cf97dd152b44f2a329d79cbbbe943fc25e92e92f7960e569ca04873e68069",
                "sha256:e30997354452e4d9bec8baf36694c269500b59af551bc5fdc9db842872ebf814",
                "sha256:42828882912ec288b7837b0e098db744445fe54e56c0c1e1e1f87a3b12dffa54",
                "sha256:05178560788190d4a2b544f820c1427d51f27adfa9dd228d3cfa42cdfb8e9b59",
                "sha256:ff7c89a62b5d1d17909a136b521e7b7530d1b0bcb46dc7fbdc6c249498487852",
                "sha256:f60467533ac46f3f9fca86f1e50f6ee4398451a24754a1a45010c11682c08365",
                "sha256:336438fd9f808db9a790c3153cfd048eb65b4b97f3c1942e89a2f16de72dbfd6",
                "sha256:7b5c6782b72f6487060abe5f60abc133f6b1e9f6c2bee8749192aea9cfe994e0",
                "sha256:d4d615e16bcb0e972dad85e96ef331e77f62225aaab6619affcb50b9b0ec8ab7",
                "sha256:64026fa6a8247665379685faac4757753852395ba0a9e362085fff40ba47c259",
                "sha256:449344485750646a2a2ae441163bfba0290d8725bab608347b39c9d7c7ca63c7",
                "sha256:958eadd3c3bb55975897b79a321519269e222fdeea4206fc915e27b35236d471",
                "sha256:7df51f1b28d783a6e1d34c6eda8fd2e084461b93df7e5e33b19a0060ea8e8c8d",
                "sha256:71a8092dcd3c64c72ae188d67acfc0f130fb67aba9202b38dd18c6a3d5fec952",
                "sha256:2fa06b1b0c34192bd698f976e23a2239ae6d4a2bd6c43a8bebee0b484b4e2618",
                "sha256:91d00d93a79d5bb872fb7a8bbe5bf12607b6953c61e5893a7a81ba55f77052bd",
                "sha256:ce5afe0ec471faed31f3c36876fdb2a6a19cccedf6dbdeed41b17b6372631d35",
                "sha256:b8c92a3e4f3f1b9118a50ec04deda96d903e1f049fb959a5a7c48a579b58dba0",
                "sha256:2fc974c0edebb144c5f44da635ceea7b9c3e09641e916604725c1d50acf12e03",
                "sha256:f2bd7c2ff4339b5c9eff3bf75eab67ec36527524add2b6a25a159100e819c4a3",
                "sha256:74a684ceaf5c3ed920aa933ecb3cac1d06a258606b3e24357122dc5ec821330f",
                "sha256:7ad0bac4913f1dd8befa95d925840a2c93e8c9bb1593af07574acad9a261a17d",
                "sha256:a34713608d465e68e946e7616b92552a232fc375518641863266e63f74fd0005",
                "sha256:84b47505e7ab9cfb505ba3a7c7bac6468a2306c3b0c2a79b633be266177a880a",
                "sha256:265dacf64ed8c0819f4be9355c39beaa13dc2ad2f85237a2c4e478f5ce644b48"
            ],
            "version": "==0.27.2"
        },
        "dill": {
            "hashes": [
                "sha256:6c1ccca68be483fa8c66e85a89ffc850206c26373aa77a97b83d8d0994e7f1fd"
            ],
            "version": "==0.2.6"
        },
        "enum34": {
            "hashes": [
                "sha256:6bd0f6ad48ec2aa117d3d141940d484deccda84d4fcd884f5c3d93c23ecd8c79",
                "sha256:644837f692e5f550741432dd3f223bbb9852018674981b1664e5dc339387588a",
                "sha256:8ad8c4783bf61ded74527bffb48ed9b54166685e4230386a9ed9b1279e2df5b1",
                "sha256:2d81cbbe0e73112bdfe6ef8576f2238f2ba27dd0d55752a776c41d38b7da2850"
            ],
            "version": "==1.1.6"
        },
        "fasteners": {
            "hashes": [
                "sha256:564a115ff9698767df401efca29620cbb1a1c2146b7095ebd304b79cc5807a7c",
                "sha256:427c76773fe036ddfa41e57d89086ea03111bbac57c55fc55f3006d027107e18"
            ],
            "version": "==0.14.1"
        },
        "funcsigs": {
            "hashes": [
                "sha256:330cc27ccbf7f1e992e69fef78261dc7c6569012cf397db8d3de0234e6c937ca",
                "sha256:a7bb0f2cf3a3fd1ab2732cb49eba4252c2af4240442415b4abce3b87022a8f50"
            ],
            "version": "==1.0.2"
        },
        "future": {
            "hashes": [
                "sha256:e39ced1ab767b5936646cedba8bcce582398233d6a627067d4c6a454c90cfedb"
            ],
            "version": "==0.16.0"
        },
        "futures": {
            "hashes": [
                "sha256:ec0a6cb848cc212002b9828c3e34c675e0c9ff6741dc445cab6fdd4e1085d1f1",
                "sha256:9ec02aa7d674acb8618afb127e27fde7fc68994c0437ad759fa094a574adb265"
            ],
            "version": "==3.2.0"
        },
        "gapic-google-cloud-pubsub-v1": {
            "hashes": [
                "sha256:a8cd1d89542085e3b05ca15632b9067a1e45f8c98eb05f3e3ffc25129c694745"
            ],
            "version": "==0.15.4"
        },
        "google-api-python-client": {
            "hashes": [
                "sha256:2cf9ab83fa62e06717363e8855fb027864caeb35a3197cadb7f0de38356881c4",
                "sha256:95ce394028754ec537e5791e811511fdd5fabe6f1f8879407a8daed71ecb0b4c"
            ],
            "version": "==1.6.5"
        },
        "google-apitools": {
            "hashes": [
                "sha256:94db6e79ef64181fa9e4f3474ef29097939fd30f94a8f152c0e6a33d6b1136f7",
                "sha256:0f854ff8946c97bf547adfb89351e51949fb41e127c962d020776dda7a24e1d0"
            ],
            "version": "==0.5.20"
        },
        "google-auth": {
            "hashes": [
                "sha256:34088434cb2a2409360b8f3cbc04195a465df1fb2aafad71ebbded77cbf08803",
                "sha256:9051802d3dae256036cca9e34633a32c0ed1427730d4ebc513dff91ec8b6dd45"
            ],
            "version": "==1.4.1"
        },
        "google-auth-httplib2": {
            "hashes": [
                "sha256:f1c437842155680cf9918df9bc51c1182fda41feef88c34004bd1978c8157e08",
                "sha256:098fade613c25b4527b2c08fa42d11f3c2037dda8995d86de0745228e965d445"
            ],
            "version": "==0.0.3"
        },
        "google-cloud-bigquery": {
            "hashes": [
                "sha256:456be78376730beb28a91375e24a3ef37916fe7938b4fb8b56f589f4b2138439",
                "sha256:6e8cc6914701bbfd8845cc0e0b19c5e2123649fc6ddc49aa945d83629499f4ec"
            ],
            "version": "==0.25.0"
        },
        "google-cloud-core": {
            "hashes": [
                "sha256:4538bfe10b8df7935f1e66c6a1738d41659290dcaeebdd7fe57ead363f4d07c4",
                "sha256:1249ee44c445f820eaf99d37904b37961347019dcd3637dbad1f3173260245f2"
            ],
            "version": "==0.25.0"
        },
        "google-cloud-pubsub": {
            "hashes": [
                "sha256:61c1fa3ac58a7abe2b0fa619c9a891e4a484c8fa5c7ebe12a7b1e0c49bc3beb1",
                "sha256:80332d93580cd9bcd6fee4c8e64f6aed04f7f92298d3f6cb5c8f4224c871c7b8"
            ],
            "version": "==0.26.0"
        },
        "google-gax": {
            "hashes": [
                "sha256:bc60cdfed5c657ea8542ba8102fb43862a1c4809d98ca5aa1fcc92f9d4f7403d",
                "sha256:518e8d5eb90774af2041080d242f4bcec4c6e653226c693901eaf82eda8a395c"
            ],
            "version": "==0.15.16"
        },
        "googleapis-common-protos": {
            "hashes": [
                "sha256:c075eddaa2628ab519e01b7d75b76e66c40eaa50fc52758d8225f84708950ef2"
            ],
            "version": "==1.5.3"
        },
        "googledatastore": {
            "hashes": [
                "sha256:963e6cec4d8ac47ad02f451e61062156676d269d6d8ba9711464033509308f16"
            ],
            "version": "==7.0.1"
        },
        "grpc-google-iam-v1": {
            "hashes": [
                "sha256:5009e831dcec22f3ff00e89405249d6a838d1449a46ac8224907aa5b0e0b1aec"
            ],
            "version": "==0.11.4"
        },
        "grpcio": {
            "hashes": [
                "sha256:a1bc37c9910d0fbf4d9e80d5822f92c6e01e28dd1eb01323636ed19666b537cb",
                "sha256:14bca481188c3f19135012aaff9abefa4e15529c7e1aca3084183d78094d06bd",
                "sha256:4fa658a7e1ba5727ca066b1c8bb64c6befb98f2b8007f04a16c7c84555bf11b9",
                "sha256:982439a872d41f969724efc139e0416ba45e0d7446e9a41fd2ebe19351adff9a",
                "sha256:025a591606b0aca13bec3e019d6acec01a39421f01b915b98a3a93ea0a53b412",
                "sha256:d410835e7554d064c2d99cfa0dd393ffbb0ccf52145ab51c725a8472ed254a3c",
                "sha256:88afda198adb0a9da52a66152062027a57877b46f59ffcf55acc3cbfaff77160",
                "sha256:ae82bf2f7ceac6ba956e816120b4f66bda035571350e46b61bbdde1808aed1dd",
                "sha256:10efe2e016c3ca7a370771ffcf1de9baa3456d4bccefde0f4ce3be091d871c8f",
                "sha256:224c513fbe0c3ca546870e5c21b08a8a56cd25795b76b3192ee9702a3344764b",
                "sha256:aa473b8276de39eeccc4ad6cbb7fd7feab0868180d72c0c93226033c79fa69b7",
                "sha256:022dc2a6d1537a5a16af4ccc3355ad7b512f9c627a1d5d579cd7c18830378bb3",
                "sha256:d9e3105f6de6cb759b028702bdd21cb36d27e010227669e43c675b9957a3c180",
                "sha256:b56e4f355c2499bb0bf8f8f4d0362b618b06afdfd2c10722710596dc7e295c6c",
                "sha256:e86639989c03831912fd9924beda26f6e9ffcc267656cea035bde9d88cf793b2",
                "sha256:f4a38071dd27f140cfe774f56aecdf0e33de926c21289cc9c7521ce8dd91fc1c",
                "sha256:2894466c499d9752e0d49ee8adc5ee12c676d86211fc1b292bf713cc7cfe9853",
                "sha256:1bc36e512741f82c1d73f42df536aa2ab75d840f0d35c149b5d0bee1aed16862",
                "sha256:ea9564f58144e2f07995d57fb8e636be5efb084cd59c8651391ada2bb75dc0ff",
                "sha256:435b3bab2e34814666854eec203c77b169df1cd56cf22fe449cf5510af416e7d",
                "sha256:da306c80d69801a3e4115c448ed4ad481957d723ec1e00b99497c6661573c3e5",
                "sha256:17240d672b5c1c9ff22e52236c1870413b7fb5af762b97ce5a747a55e0a57e98",
                "sha256:03265472d39bf26f124c3ef68446f7873c8260893e6ae65b323a5b51ed52e580"
            ],
            "version": "==1.10.0"
        },
        "hdfs3": {
            "hashes": [
                "sha256:fae7fe95142820175cd8b633c5b6e0f76939225a31e2049c02e6a2cc97656c9c",
                "sha256:7d5a4466e7a164431aff027533755e2a48d1b1cf6a0299eb41bd5b51cf60c0b4"
            ],
            "version": "==0.3.0"
        },
        "html5lib": {
            "hashes": [
                "sha256:2612a191a8d5842bfa057e41ba50bbb9dcb722419d2408c78cff4758d0754868"
            ],
            "version": "==0.9999999"
        },
        "httplib2": {
            "hashes": [
                "sha256:c3aba1c9539711551f4d83e857b316b5134a1c4ddce98a875b7027be7dd6d988",
                "sha256:fe187f315336c3daa6616d09f327a6e6560b082fce59723f77336329fdcbfc36"
            ],
            "version": "==0.9.2"
        },
        "idna": {
            "hashes": [
                "sha256:8c7309c718f94b3a625cb648ace320157ad16ff131ae0af362c9f21b80ef6ec4",
                "sha256:2c6a5de3089009e3da7c5dde64a141dbc8551d5b7f6cf4ed7c2568d0cc520a8f"
            ],
            "version": "==2.6"
        },
        "markdown": {
            "hashes": [
                "sha256:9ba587db9daee7ec761cfc656272be6aabe2ed300fece21208e4aab2e457bc8f",
                "sha256:a856869c7ff079ad84a3e19cd87a64998350c2b94e9e08e44270faef33400f81"
            ],
            "version": "==2.6.11"
        },
        "mock": {
            "hashes": [
                "sha256:5ce3c71c5545b472da17b72268978914d0252980348636840bd34a00b5cc96c1",
                "sha256:b158b6df76edd239b8208d481dc46b6afd45a846b7812ff0ce58971cf5bc8bba"
            ],
            "version": "==2.0.0"
        },
        "monotonic": {
            "hashes": [
                "sha256:0bcd2b14e3b7ee7cfde796e408176ceffa01d89646f2e532964ef2aae0c9fa3e",
                "sha256:a02611d5b518cd4051bf22d21bd0ae55b3a03f2d2993a19b6c90d9d168691f84"
            ],
            "version": "==1.4"
        },
        "more-itertools": {
            "hashes": [
                "sha256:11a625025954c20145b37ff6309cd54e39ca94f72f6bb9576d1195db6fa2442e",
                "sha256:0dd8f72eeab0d2c3bd489025bb2f6a1b8342f9b198f6fc37b52d15cfa4531fea",
                "sha256:c9ce7eccdcb901a2c75d326ea134e0886abfbea5f93e91cc95de9507c0816c44"
            ],
            "version": "==4.1.0"
        },
        "nose": {
            "hashes": [
                "sha256:dadcddc0aefbf99eea214e0f1232b94f2fa9bd98fa8353711dacb112bfcbbb2a",
                "sha256:9ff7c6cc443f8c51994b34a667bbcf45afd6d945be7477b52e97516fd17c53ac",
                "sha256:f1bffef9cbc82628f6e7d7b40d7e255aefaa1adb6a1b1d26c69a8b79e6208a98"
            ],
            "version": "==1.3.7"
        },
        "numpy": {
            "hashes": [
                "sha256:e2335d56d2fd9fc4e3a3f2d3148aafec4962682375f429f05c45a64dacf19436",
                "sha256:9b762e78739b6e021124adbea07611682db99cd3fca7f3c3a8b98b8f74ea5699",
                "sha256:7d4c549e41507db4f04ec7cfab5597de8acf7871b16c9cf64cebcb9d39031ca6",
                "sha256:b803306c4c201e7dcda0ce1b9a9c87f61a7c7ce43de2c60c8e56147b76849a1a",
                "sha256:2da8dff91d489fea3e20155d41f4cd680de7d01d9a89fdd0ebb1bee6e72d3800",
                "sha256:6b8c2daacbbffc83b4a2ba83a61aa3ce60c66340b07b962bd27b6c6bb175bee1",
                "sha256:89b9419019c47ec87cf4cfca77d85da4611cc0be636ec87b5290346490b98450",
                "sha256:49880b47d7272f902946dd995f346842c95fe275e2deb3082ef0495f0c718a69",
                "sha256:3d7ddd5bdfb12ec9668edf1aa49a4a3eddb0db4661b57ea431477eb9a2468894",
                "sha256:788e1757f8e409cd805a7cd82993cd9252fa19e334758a4c6eb5a8b334abb084",
                "sha256:377def0873bbb1fbdedb14b3275b10a29b1b55619a3f7f775c4e7f9ce2461b9c",
                "sha256:9501c9ccd081977ca5579a3ec4009d6baff6bacb04bf07214aade3324734195a",
                "sha256:a1f5173df8190ef9c6235d260d70ca70c6fb029683ceb66e244c5cc6e335947a",
                "sha256:12cf4b27039b88e407ad66894d99a957ef60fea0eeb442026af325add2ab264d",
                "sha256:4e2fc841c8c642f7fd44591ef856ca409cedba6aea27928df34004c533839eee",
                "sha256:e5ade7a69dccbd99c4fdbb95b6d091d941e62ffa588b0ed8fb0a2854118fef3f",
                "sha256:6b1011ffc87d7e2b1b7bcc6dc21bdf177163658746ef778dcd21bf0516b9126c",
                "sha256:a8bc80f69570e11967763636db9b24c1e3e3689881d10ae793cec74cf7a627b6",
                "sha256:81b9d8f6450e752bd82e7d9618fa053df8db1725747880e76fb09710b57f78d0",
                "sha256:e8522cad377cc2ef20fe13aae742cc265172910c98e8a0d6014b1a8d564019e2",
                "sha256:a3d5dd437112292c707e54f47141be2f1100221242f07eda7bd8477f3ddc2252",
                "sha256:c8000a6cbc5140629be8c038c9c9cdb3a1c85ff90bd4180ec99f0f0c73050b5e",
                "sha256:fa0944650d5d3fb95869eaacd8eedbd2d83610c85e271bd9d3495ffa9bc4dc9c"
            ],
            "version": "==1.14.1"
        },
        "oauth2client": {
            "hashes": [
                "sha256:5b5b056ec6f2304e7920b632885bd157fa71d1a7f3ddd00a43b1541a8d1a2460"
            ],
            "version": "==3.0.0"
        },
        "pbr": {
            "hashes": [
                "sha256:60c25b7dfd054ef9bb0ae327af949dd4676aa09ac3a9471cdc871d8a9213f9ac",
                "sha256:05f61c71aaefc02d8e37c0a3eeb9815ff526ea28b3b76324769e6158d7f95be1"
            ],
            "version": "==3.1.1"
        },
        "pillow": {
            "hashes": [
                "sha256:405cf4413160e1add076417be21522b9405c27d5b1015b5fb288d08f0bb2d7ff",
                "sha256:57c2d492339321c74fdda2d7cc36e04b259611c7df71fc26e9880b77a3ae1b28",
                "sha256:2a8686cb692bc4f3be58fbb6829f65e8e09c4c1cdac260f1c545934b3392707a",
                "sha256:d884445bd878f45df03c76f538ff95fdece047a5fdc2a49d02c463239cde649e",
                "sha256:a39a554db187b473ba422dde17eef380a23655a124558f51b31fbfc30853efca",
                "sha256:a3f2b5d6a4086f5def583b98000e4b4939f3960fc13685d493ef344306a04c2a",
                "sha256:3fb9ab75cf18873feca1232daf6cb8287581be0aa8b18cf2f4753f2c6fe6a1d6",
                "sha256:ae416f79225a6857bc280d2615e042f4b83f74fc0bef10aff31803e0a43b8594",
                "sha256:d63e6a17536f5b3cf2e854a19f123b60c9ba7bcc547fb4392d19f849f9316c2e",
                "sha256:58408d597867db4b48c17ee25e11588accdd7c53f133cbaf1ba053470a1d1903",
                "sha256:e2af4a8c262d7d5876990a7b368f3fe9c63a55738fe9a239fa602a9da40be63e",
                "sha256:abfe44c1bbdc3b5c893dd4fd4abfa88bcab44759b49b86a99eb5f4b0dba80932",
                "sha256:ef8b858bcddbc456be1555a324d79d5209242d461882b0b93cd5310d5521a28b",
                "sha256:a6a078d0ac663fedf9efdd68d888fbe9fce0b95005e33c18daec41bc79bc6bc6",
                "sha256:691d12520d9d82ce4786dbc366a7a0a278bb9229e5be574e083418246f8c9081",
                "sha256:fda8a483d252debf25e1f19be64c1b6042a77d994cdb975d63b8e0e0ae500da1",
                "sha256:95c6cec336a08b13a97b8097175d0f5701e6db2edd69632fb46b7caeaba2129b",
                "sha256:af798bddc19da93ee39f25c96cb67634d7666d81a0e7873f07dd8009288da1dd",
                "sha256:d3b2aeb3b1e2550064419ec9b957a2971d977e43beee2416eeae2bcf3e36b8b5",
                "sha256:f8b26c0de836c1b4f61ee1ae90f834642b3dab49a4f92961df6859f047a7fae2",
                "sha256:22010e1f39335e06c55c131f0f378d272e37ab3180df7b9ec067f61ac0f085cc",
                "sha256:367eac53b6b1a25ba6eb658c7bdac477b369a38c9799a75cd2f4fb7418a1b6cc",
                "sha256:aa24308845b4acb55be9e9ddbda33bd3529e6e5b1a4f2f6729d2cbf487abbf4b",
                "sha256:df35352fe6096885907aac453e079a1c59ce7bbe84894932fe2f32bd59e88697",
                "sha256:5f8fb82f7c1f1e84d20b79601e38fac29fc63b50f18db75a5b5c987ae5f87823",
                "sha256:3cf9ebf09c75fef4e94f33af14db50ebd0a878dcb7fbc011c63d66b08b75fd20",
                "sha256:e88c5b87ba5e7409b61b5affcd16fd40827ee94c8853954be87bf193d62a8d71",
                "sha256:3fdd31425eaaae1587cb2d29b8962e5c0ad44bc5d89fb0f99681e5f4baf7d965",
                "sha256:af2494dce42976761195747ce7150ee4988f04ac59436cd65405b2508493374a",
                "sha256:e6679381f5c588282b386d98ef24e3de9b4ea1fd2be273a107d7fc85635f9dde",
                "sha256:43e7bf4434c7732700ccb8f6f5885c832692fb16463d7559de0ff401406b3212",
                "sha256:85c2ab7a8edcb5e4ffcd061a5872187b304c3392e1076bbff171cae4410b2103",
                "sha256:590ecade57d9d373b9e73816b811b269693fbd231374b9f52d1bdee1c17d9b40",
                "sha256:d8440cadb7df8c81123f21e6b1537f0272217710ff4464d0c05ea86da9f75971",
                "sha256:8694fb180844f49cc8805ecb9dcb09e4804b6bab663abb87e736800267fc0976",
                "sha256:4c4a3b38824af7a75ec9835ab94176e04d9b5bca1975243238e3e1b39260a275",
                "sha256:27251f7734b5ef9235bffb10bbe843ff3c974628d8bc883f9f5e207a9aa81cc4",
                "sha256:85707371c5d9e494389be5feb649d82baa7e29724538eee9b3653018fda4d986",
                "sha256:4939a9f9321fcab0fc499ed6054ea449e8e5da1d0090a66f157e7a7a67c9d595",
                "sha256:e44cd381b8ec663a8d8c4e214391869956a093d50c39fbfeb43196a445556b98",
                "sha256:59f4555db21764221536c02733f9bcd174285302f680334647438d171b63caae",
                "sha256:330644d6c583b4348f3c03cf7a0afb6e8643e2e2ba358c99eae26af2147e4847",
                "sha256:ac299d432f3bcd32a685a03b5bc3d4f188a0170e15721270131a6b1fb0fdc74a",
                "sha256:efae273173ea264e513b2931bdf5a5110cf1ed355e238605957b59ab0dcd9963"
            ],
            "version": "==3.4.1"
        },
        "ply": {
            "hashes": [
                "sha256:e7d1bdff026beb159c9942f7a17e102c375638d9478a7ecd4cc0c76afd8de0b8"
            ],
            "version": "==3.8"
        },
        "proto-google-cloud-datastore-v1": {
            "hashes": [
                "sha256:a431bb6a286107900c9ce3c48d316378867293c50a4d8a6c7393264600e916f9"
            ],
            "version": "==0.90.4"
        },
        "proto-google-cloud-pubsub-v1": {
            "hashes": [
                "sha256:74549d55cd492744cff255e8ab2c4df81153be06c08fb6345131fd034976d235"
            ],
            "version": "==0.15.4"
        },
        "protobuf": {
            "hashes": [
                "sha256:11788df3e176f44e0375fe6361342d7258a457b346504ea259a21b77ffc18a90",
                "sha256:50c24f0d00b7efb3a72ae638ddc118e713cfe8cef40527afe24f7ebcb878e46d",
                "sha256:41661f9a442eba2f1967f15333ebe9ecc7e7c51bcbaa2972303ad33a4ca0168e",
                "sha256:06ec363b74bceb7d018f2171e0892f03ab6816530e2b0f77d725a58264551e48",
                "sha256:b20f861b55efd8206428c13e017cc8e2c34b40b2a714446eb202bbf0ff7597a6",
                "sha256:c1f9c36004a7ae6f1ce4a23f06070f6b07f57495f251851aa15cc4da16d08378",
                "sha256:4d2e665410b0a278d2eb2c0a529ca2366bb325eb2ae34e189a826b71fb1b28cd",
                "sha256:95b78959572de7d7fafa3acb718ed71f482932ddddddbd29ba8319c10639d863"
            ],
            "version": "==3.5.1"
        },
        "pyasn1": {
            "hashes": [
                "sha256:f81c96761fca60d64b1c9b79ec2e40cf9495a745cf570613079ef324aeb9672b",
                "sha256:7d626683e3d792cccc608da02498aff37ab4f3dafd8905d6bf755d11f9b26b43",
                "sha256:e85895087905c65b5b594eb91f7522664c85545b147d5f4d4e7b1b07da8dcbdc",
                "sha256:5a0db897b311d265cde49615cf783f1c78613138605cdd0f907ecfa5b2aba3ee",
                "sha256:d5cd6ed995dba16fad0c521cfe31cd2d68400b53fcc2bce93326829be73ab6d1",
                "sha256:a7efe807c4b83a859e2735c692b92ed7b567cfddc4163763412920041d876c2b",
                "sha256:b5a9ca48055b9a20f6d1b3d68e38692e5431c86a0f99ea602e61294e891fee5b",
                "sha256:c07d6e587b2f928366b1f67c09bda026a3e6fcc99e80a744dc67f8fca3895626",
                "sha256:d84c2aea3cf43780e9e6a19f4e4dddee9f6976519020e64e47c57e5c7a8c3dd2",
                "sha256:758cb50abddc03e4563fd9e7f03db56e3e87b58c0bd01247360326e5c0c7ffa5",
                "sha256:0d7f6e959fe53f3960a23d73f35e1fce61348b30915b6664309ca756de7c1f89",
                "sha256:d258b0a71994f7770599835249cece1caef3c70def868c4915e6e5ca49b67d15"
            ],
            "version": "==0.4.2"
        },
        "pyasn1-modules": {
            "hashes": [
                "sha256:b1f395cae2d669e0830cb023aa86f9f283b7a9aa32317d7f80d8e78aa2745812",
                "sha256:854700bbdd01394e2ada9c1bfbd0ed9f5d0c551350dbbd023e88b11d2771ae06",
                "sha256:598a6004ec26a8ab40a39ea955068cf2a3949ad9c0030da970f2e1ca4c9f1cc9",
                "sha256:f53fe5bcebdf318f51399b250fe8325ef3a26d927f012cc0c8e0f9e9af7f9deb",
                "sha256:47fb6757ab78fe966e7c58b2030b546854f78416d653163f0ce9290cf2278e8b",
                "sha256:041e9fbafac548d095f5b6c3b328b80792f006196e15a232b731a83c93d59493",
                "sha256:0cea139045c38f84abaa803bcb4b5e8775ea12a42af10019d942f227acc426c3",
                "sha256:0cdca76a68dcb701fff58c397de0ef9922b472b1cb3ea9695ca19d03f1869787",
                "sha256:72fd8b0c11191da088147c6e4678ec53e573923ecf60b57eeac9e97433e09fc2",
                "sha256:c6747146e95d2b14cc2a8399b2b0bde3f93778f8f9ec704690d2b589c376c137",
                "sha256:0f2e50d20bc670be170966638fa0ae603f0bc9ed6ebe8e97a6d1d4cef30cc889",
                "sha256:af00ea8f2022b6287dc375b2c70f31ab5af83989fc6fe9eacd4976ce26cd7ccc"
            ],
            "version": "==0.2.1"
        },
        "pyhamcrest": {
            "hashes": [
                "sha256:f30e9a310bcc1808de817a92e95169ffd16b60cbc5a016a49c8d0e8ababfae79",
                "sha256:6b672c02fdf7470df9674ab82263841ce8333fb143f32f021f6cb26f0e512420",
                "sha256:bac0bea7358666ce52e3c6c85139632ed89f115e9af52d44b3c36e0bf8cf16a9",
                "sha256:7a4bdade0ed98c699d728191a058a60a44d2f9c213c51e2dd1e6fb42f2c6128a",
                "sha256:8ffaa0a53da57e89de14ced7185ac746227a8894dbd5a3c718bf05ddbd1d56cd"
            ],
            "version": "==1.9.0"
        },
        "pyvcf": {
            "hashes": [
                "sha256:1b3c833dcf4cca830e8255e3ac0573d2e69f588f71f7a5efb2a92b45d7b70021",
                "sha256:e9d872513d179d229ab61da47a33f42726e9613784d1cb2bac3f8e2642f6f9d9"
            ],
            "version": "==0.6.8"
        },
        "pyyaml": {
            "hashes": [
                "sha256:3262c96a1ca437e7e4763e2843746588a965426550f3797a79fca9c6199c431f",
                "sha256:16b20e970597e051997d90dc2cddc713a2876c47e3d92d59ee198700c5427736",
                "sha256:e863072cdf4c72eebf179342c94e6989c67185842d9997960b3e69290b2fa269",
                "sha256:bc6bced57f826ca7cb5125a10b23fd0f2fff3b7c4701d64c439a300ce665fff8",
                "sha256:c01b880ec30b5a6e6aa67b09a2fe3fb30473008c85cd6a67359a1b15ed6d83a4",
                "sha256:827dc04b8fa7d07c44de11fabbc888e627fa8293b695e0f99cb544fdfa1bf0d1",
                "sha256:592766c6303207a20efc445587778322d7f73b161bd994f227adaa341ba212ab",
                "sha256:5f84523c076ad14ff5e6c037fe1c89a7f73a3e04cf0377cb4d017014976433f3",
                "sha256:0c507b7f74b3d2dd4d1322ec8a94794927305ab4cebbe89cc47fe5e81541e6e8",
                "sha256:b4c423ab23291d3945ac61346feeb9a0dc4184999ede5e7c43e1ffb975130ae6",
                "sha256:ca233c64c6e40eaa6c66ef97058cdc80e8d0157a443655baa1b2966e812807ca",
                "sha256:4474f8ea030b5127225b8894d626bb66c01cda098d47a2b0d3429b6700af9fd8",
                "sha256:326420cbb492172dec84b0f65c80942de6cedb5233c413dd824483989c000608",
                "sha256:5ac82e411044fb129bae5cfbeb3ba626acb2af31a8d17d175004b70862a741a7"
            ],
            "version": "==3.12"
        },
        "rarfile": {
            "hashes": [
                "sha256:e816409e3b36794507cbe0b678bed3e4703d7412c5f7f9201a510ed6fdc66c35"
            ],
            "version": "==3.0"
        },
        "requests": {
            "hashes": [
                "sha256:6a1b267aa90cac58ac3a765d067950e7dbbf75b1da07e895d1f594193a40a38b",
                "sha256:9c443e7324ba5b85070c4a818ade28bfabedf16ea10206da1132edaa6dda237e"
            ],
            "version": "==2.18.4"
        },
        "rsa": {
            "hashes": [
                "sha256:43f682fea81c452c98d09fc316aae12de6d30c4b5c84226642cf8f8fd1c93abd",
                "sha256:25df4e10c263fb88b5ace923dd84bf9aa7f5019687b5e55382ffcdb8bede9db5"
            ],
            "version": "==3.4.2"
        },
        "six": {
            "hashes": [
                "sha256:0ff78c403d9bccf5a425a6d31a12aa6b47f1c21ca4dc2573a7e2f32a97335eb1",
                "sha256:105f8d68616f8248e24bf0e9372ef04d3cc10104f1980f54d57b2ce73a5ad56a"
            ],
            "version": "==1.10.0"
        },
        "tensorflow": {
            "hashes": [
                "sha256:70ecb192f282d788cf4139eb855c5c44e77256a4245621fe20a07761f9171119",
                "sha256:ea9b30dbc6d56f65acf615598d9c417495cbcbdb8051aa6600c40bb6bc1ce664",
                "sha256:23697ebd6d78c58c6311310b27643f470a81c1bb425f101be95b826fcd46cdfc",
                "sha256:a55d0e9d403d07a049ce47f8d82bba0932b7c4666069d7b857f97c58cb4d3bea",
                "sha256:21e5c92e8620600fdcbf8d72b19390acacb3a702d791b03865985eacca65ea1f",
                "sha256:2c5a251a9653200a90dcc7a2b8f4d4e05230c8bf927b8956f9c55e6665edde9c",
                "sha256:298cdfc78b52cb4089a8cfc772802a6b83fa241df3e1812e27435bd4c72e9894",
                "sha256:6cb941949f0dccb28d23eb19b2c1f1d9401c826c2788f46639bf2773c109468a",
                "sha256:15e2f6ea16990811f0a109615898a19359b4af1564f3cf96103be7ab395b370e",
                "sha256:ff08e3f2bf81d229d5d2c2ab9b812ebf8ac30cff2738988cee410606590da097",
                "sha256:972724621a25d136799959cd03ef77b0cca6e1799cd3448f05514bc519b735ad",
                "sha256:1b1aa05701e75a2130e3f34ca51e5ac9ad105f40dd3f97970da7877601e3299f"
            ],
            "version": "==1.4.0"
        },
        "tensorflow-tensorboard": {
            "hashes": [
                "sha256:4ff1c16faa8189c921b57ccb5f05ea1e19c276d59de7dcae3d846a6267a132d0",
                "sha256:6684571c711e07b3aae25dd91cb4b106738d71acfce385b9d359ab14374ac518"
            ],
            "version": "==0.4.0"
        },
        "tensorflow-transform": {
            "hashes": [
                "sha256:e3472b6d9dbc1eb2cb7b7071fa1b97e536c444ba25bd63435945de842f7d8437"
            ],
            "version": "==0.5.0"
        },
        "typing": {
            "hashes": [
                "sha256:b2c689d54e1144bbcfd191b0832980a21c2dbcf7b5ff7a66248a60c90e951eb8",
                "sha256:3a887b021a77b292e151afb75323dea88a7bc1b3dfa92176cff8e44c8b68bddf",
                "sha256:d400a9344254803a2368533e4533a4200d21eb7b6b729c173bc38201a74db3f2"
            ],
            "version": "==3.6.4"
        },
        "uritemplate": {
            "hashes": [
                "sha256:01c69f4fe8ed503b2951bef85d996a9d22434d2431584b5b107b2981ff416fbd",
                "sha256:1b9c467a940ce9fb9f50df819e8ddd14696f89b9a8cc87ac77952ba416e0a8fd",
                "sha256:c02643cebe23fc8adb5e6becffe201185bf06c40bda5c0b4028a93f1527d011d"
            ],
            "version": "==3.0.0"
        },
        "urllib3": {
            "hashes": [
                "sha256:06330f386d6e4b195fbfc736b297f58c5a892e4440e54d294d7004e3a9bbea1b",
                "sha256:cc44da8e1145637334317feebd728bd869a35285b93cbb4cca2577da7e62db4f"
            ],
            "version": "==1.22"
        },
        "werkzeug": {
            "hashes": [
                "sha256:d5da73735293558eb1651ee2fddc4d0dedcfa06538b8813a2e20011583c9e49b",
                "sha256:c3fd7a7d41976d9f44db327260e263132466836cef6f91512889ed60ad26557c"
            ],
            "version": "==0.14.1"
        },
        "wheel": {
            "hashes": [
                "sha256:e721e53864f084f956f40f96124a74da0631ac13fbbd1ba99e8e2b5e9cafdf64",
                "sha256:9515fe0a94e823fd90b08d22de45d7bde57c90edce705b22f5e1ecf7e1b653c8"
            ],
            "markers": "python_version >= '3'",
            "version": "==0.30.0"
        }
    },
    "develop": {}
}
